
Microsoft Visual Studio Solution File, Format Version 12.00
# Visual Studio 15
VisualStudioVersion = 15.0.27703.2035
MinimumVisualStudioVersion = 10.0.40219.1
Project("{9A19103F-16F7-4668-BE54-9A1E7A4F7556}") = "DotNetCore", "DotNetCore.csproj", "{7A94F744-7E22-4376-997D-112C9BDBC4D2}"
EndProject
Global
	GlobalSection(SolutionConfigurationPlatforms) = preSolution
		Debug|Any CPU = Debug|Any CPU
		Release|Any CPU = Release|Any CPU
	EndGlobalSection
	GlobalSection(ProjectConfigurationPlatforms) = postSolution
		{7A94F744-7E22-4376-997D-112C9BDBC4D2}.Debug|Any CPU.ActiveCfg = Debug|Any CPU
		{7A94F744-7E22-4376-997D-112C9BDBC4D2}.Debug|Any CPU.Build.0 = Debug|Any CPU
		{7A94F744-7E22-4376-997D-112C9BDBC4D2}.Release|Any CPU.ActiveCfg = Release|Any CPU
		{7A94F744-7E22-4376-997D-112C9BDBC4D2}.Release|Any CPU.Build.0 = Release|Any CPU
	EndGlobalSection
	GlobalSection(SolutionProperties) = preSolution
		HideSolutionNode = FALSE
	EndGlobalSection
	GlobalSection(ExtensibilityGlobals) = postSolution
		SolutionGuid = {53A2F040-5D97-4E2B-928C-A250CE95CE40}
	EndGlobalSection
EndGlobal
